
Microsoft Visual Studio Solution File, Format Version 12.00
# Visual Studio Version 16
VisualStudioVersion = 16.0.30320.27
MinimumVisualStudioVersion = 10.0.40219.1
Project("{9A19103F-16F7-4668-BE54-9A1E7A4F7556}") = "ConsoleUI", "ConsoleUI\ConsoleUI.csproj", "{FAC55B36-9255-49DB-9BE3-AEA1368ACA45}"
EndProject
Project("{FAE04EC0-301F-11D3-BF4B-00C04F79EFBC}") = "ConsoleUI.Test", "ConsoleUI.Test\ConsoleUI.Test.csproj", "{97550D59-A418-413E-A546-BBB79997E51C}"
EndProject
Global
	GlobalSection(SolutionConfigurationPlatforms) = preSolution
		Debug|Any CPU = Debug|Any CPU
		Release|Any CPU = Release|Any CPU
	EndGlobalSection
	GlobalSection(ProjectConfigurationPlatforms) = postSolution
		{FAC55B36-9255-49DB-9BE3-AEA1368ACA45}.Debug|Any CPU.ActiveCfg = Debug|Any CPU
		{FAC55B36-9255-49DB-9BE3-AEA1368ACA45}.Debug|Any CPU.Build.0 = Debug|Any CPU
		{FAC55B36-9255-49DB-9BE3-AEA1368ACA45}.Release|Any CPU.ActiveCfg = Release|Any CPU
		{FAC55B36-9255-49DB-9BE3-AEA1368ACA45}.Release|Any CPU.Build.0 = Release|Any CPU
		{97550D59-A418-413E-A546-BBB79997E51C}.Debug|Any CPU.ActiveCfg = Debug|Any CPU
		{97550D59-A418-413E-A546-BBB79997E51C}.Debug|Any CPU.Build.0 = Debug|Any CPU
		{97550D59-A418-413E-A546-BBB79997E51C}.Release|Any CPU.ActiveCfg = Release|Any CPU
		{97550D59-A418-413E-A546-BBB79997E51C}.Release|Any CPU.Build.0 = Release|Any CPU
	EndGlobalSection
	GlobalSection(SolutionProperties) = preSolution
		HideSolutionNode = FALSE
	EndGlobalSection
	GlobalSection(ExtensibilityGlobals) = postSolution
		SolutionGuid = {02EA8F5E-832E-4A47-87CA-16279A7B1C2D}
	EndGlobalSection
EndGlobal
